
Microsoft Visual Studio Solution File, Format Version 12.00
# Visual Studio 15
VisualStudioVersion = 15.0.27004.2002
MinimumVisualStudioVersion = 10.0.40219.1
Project("{FAE04EC0-301F-11D3-BF4B-00C04F79EFBC}") = "AspectCoreAPMDemo", "AspectCoreAPMDemo\AspectCoreAPMDemo.csproj", "{BDDA3F4B-9B3E-40F5-B609-85BF669C41C7}"
EndProject
Global
	GlobalSection(SolutionConfigurationPlatforms) = preSolution
		Debug|Any CPU = Debug|Any CPU
		Release|Any CPU = Release|Any CPU
	EndGlobalSection
	GlobalSection(ProjectConfigurationPlatforms) = postSolution
		{BDDA3F4B-9B3E-40F5-B609-85BF669C41C7}.Debug|Any CPU.ActiveCfg = Debug|Any CPU
		{BDDA3F4B-9B3E-40F5-B609-85BF669C41C7}.Debug|Any CPU.Build.0 = Debug|Any CPU
		{BDDA3F4B-9B3E-40F5-B609-85BF669C41C7}.Release|Any CPU.ActiveCfg = Release|Any CPU
		{BDDA3F4B-9B3E-40F5-B609-85BF669C41C7}.Release|Any CPU.Build.0 = Release|Any CPU
	EndGlobalSection
	GlobalSection(SolutionProperties) = preSolution
		HideSolutionNode = FALSE
	EndGlobalSection
	GlobalSection(ExtensibilityGlobals) = postSolution
		SolutionGuid = {CC17F1ED-B9A1-4EC0-839A-72B04AA46DD8}
	EndGlobalSection
EndGlobal
